PODS:
  - OpenCV (3.2.0):
    - OpenCV/Dynamic (= 3.2.0)
  - OpenCV/Dynamic (3.2.0)
  - SwiftCamScanner (0.1.0):
    - OpenCV

DEPENDENCIES:
  - SwiftCamScanner (from `../`)

EXTERNAL SOURCES:
  SwiftCamScanner:
    :path: ../

SPEC CHECKSUMS:
  OpenCV: 0f7ab403d1e81769bc6f4f524c3c6928ecb1fdb8
  SwiftCamScanner: fd6a8cd2230d923cdbb543ff31410b971511cc75

PODFILE CHECKSUM: 48c2f6553e499b4ef1b8677ed8bc67da8c5bb669

COCOAPODS: 1.2.1
